<?xml version="1.0" encoding="UTF-8"?>
<CodeBlocks_project_file>
	<FileVersion major="1" minor="6"/>
	<Project>
		<Option title="Magic"/>
		<Option makefile_is_custom="1"/>
		<Option compiler="gcc"/>
		<Option virtualFolders="CMake Files\;CMake Files\..\;CMake Files\..\..\;CMake Files\..\..\..\;CMake Files\..\..\..\..\;CMake Files\..\..\..\..\..\;CMake Files\..\..\..\..\..\..\;CMake Files\..\..\..\..\..\..\..\;CMake Files\..\..\..\..\..\..\..\..\;CMake Files\..\..\..\..\..\..\..\..\..\;CMake Files\..\..\..\..\..\..\..\..\..\..\;CMake Files\..\..\..\..\..\..\..\..\..\..\..\;CMake Files\..\..\..\..\..\..\..\..\..\..\..\usr\;CMake Files\..\..\..\..\..\..\..\..\..\..\..\usr\lib\;CMake Files\..\..\..\..\..\..\..\..\..\..\..\usr\lib\x86_64-linux-gnu\;CMake Files\..\..\..\..\..\..\..\..\..\..\..\usr\lib\x86_64-linux-gnu\cmake\;CMake Files\..\..\..\..\..\..\..\..\..\..\..\usr\lib\x86_64-linux-gnu\cmake\SFML\;"/>
		<Build>
			<Target title="all">
				<Option working_dir="/mnt/c/Users/bilai/OneDrive/Paris Saclay/ET4/S7/C++/Projet/Magic"/>
				<Option type="4"/>
				<MakeCommands>
					<Build command="/usr/bin/make -j8 -f &quot;/mnt/c/Users/bilai/OneDrive/Paris\ Saclay/ET4/S7/C++/Projet/Magic/Makefile&quot;  VERBOSE=1 all"/>
					<CompileFile command="/usr/bin/make -j8 -f &quot;/mnt/c/Users/bilai/OneDrive/Paris\ Saclay/ET4/S7/C++/Projet/Magic/Makefile&quot;  VERBOSE=1 &quot;$file&quot;"/>
					<Clean command="/usr/bin/make -j8 -f &quot;/mnt/c/Users/bilai/OneDrive/Paris\ Saclay/ET4/S7/C++/Projet/Magic/Makefile&quot;  VERBOSE=1 clean"/>
					<DistClean command="/usr/bin/make -j8 -f &quot;/mnt/c/Users/bilai/OneDrive/Paris\ Saclay/ET4/S7/C++/Projet/Magic/Makefile&quot;  VERBOSE=1 clean"/>
				</MakeCommands>
			</Target>
			<Target title="rebuild_cache">
				<Option working_dir="/mnt/c/Users/bilai/OneDrive/Paris Saclay/ET4/S7/C++/Projet/Magic"/>
				<Option type="4"/>
				<MakeCommands>
					<Build command="/usr/bin/make -j8 -f &quot;/mnt/c/Users/bilai/OneDrive/Paris\ Saclay/ET4/S7/C++/Projet/Magic/Makefile&quot;  VERBOSE=1 rebuild_cache"/>
					<CompileFile command="/usr/bin/make -j8 -f &quot;/mnt/c/Users/bilai/OneDrive/Paris\ Saclay/ET4/S7/C++/Projet/Magic/Makefile&quot;  VERBOSE=1 &quot;$file&quot;"/>
					<Clean command="/usr/bin/make -j8 -f &quot;/mnt/c/Users/bilai/OneDrive/Paris\ Saclay/ET4/S7/C++/Projet/Magic/Makefile&quot;  VERBOSE=1 clean"/>
					<DistClean command="/usr/bin/make -j8 -f &quot;/mnt/c/Users/bilai/OneDrive/Paris\ Saclay/ET4/S7/C++/Projet/Magic/Makefile&quot;  VERBOSE=1 clean"/>
				</MakeCommands>
			</Target>
			<Target title="edit_cache">
				<Option working_dir="/mnt/c/Users/bilai/OneDrive/Paris Saclay/ET4/S7/C++/Projet/Magic"/>
				<Option type="4"/>
				<MakeCommands>
					<Build command="/usr/bin/make -j8 -f &quot;/mnt/c/Users/bilai/OneDrive/Paris\ Saclay/ET4/S7/C++/Projet/Magic/Makefile&quot;  VERBOSE=1 edit_cache"/>
					<CompileFile command="/usr/bin/make -j8 -f &quot;/mnt/c/Users/bilai/OneDrive/Paris\ Saclay/ET4/S7/C++/Projet/Magic/Makefile&quot;  VERBOSE=1 &quot;$file&quot;"/>
					<Clean command="/usr/bin/make -j8 -f &quot;/mnt/c/Users/bilai/OneDrive/Paris\ Saclay/ET4/S7/C++/Projet/Magic/Makefile&quot;  VERBOSE=1 clean"/>
					<DistClean command="/usr/bin/make -j8 -f &quot;/mnt/c/Users/bilai/OneDrive/Paris\ Saclay/ET4/S7/C++/Projet/Magic/Makefile&quot;  VERBOSE=1 clean"/>
				</MakeCommands>
			</Target>
			<Target title="Magic">
				<Option output="/mnt/c/Users/bilai/OneDrive/Paris Saclay/ET4/S7/C++/Projet/Magic/Magic" prefix_auto="0" extension_auto="0"/>
				<Option working_dir="/mnt/c/Users/bilai/OneDrive/Paris Saclay/ET4/S7/C++/Projet/Magic"/>
				<Option object_output="./"/>
				<Option type="1"/>
				<Option compiler="gcc"/>
				<Compiler>
					<Add directory="/usr/include/c++/9"/>
					<Add directory="/usr/include/x86_64-linux-gnu/c++/9"/>
					<Add directory="/usr/include/c++/9/backward"/>
					<Add directory="/usr/lib/gcc/x86_64-linux-gnu/9/include"/>
					<Add directory="/usr/local/include"/>
					<Add directory="/usr/include/x86_64-linux-gnu"/>
					<Add directory="/usr/include"/>
				</Compiler>
				<MakeCommands>
					<Build command="/usr/bin/make -j8 -f &quot;/mnt/c/Users/bilai/OneDrive/Paris\ Saclay/ET4/S7/C++/Projet/Magic/Makefile&quot;  VERBOSE=1 Magic"/>
					<CompileFile command="/usr/bin/make -j8 -f &quot;/mnt/c/Users/bilai/OneDrive/Paris\ Saclay/ET4/S7/C++/Projet/Magic/Makefile&quot;  VERBOSE=1 &quot;$file&quot;"/>
					<Clean command="/usr/bin/make -j8 -f &quot;/mnt/c/Users/bilai/OneDrive/Paris\ Saclay/ET4/S7/C++/Projet/Magic/Makefile&quot;  VERBOSE=1 clean"/>
					<DistClean command="/usr/bin/make -j8 -f &quot;/mnt/c/Users/bilai/OneDrive/Paris\ Saclay/ET4/S7/C++/Projet/Magic/Makefile&quot;  VERBOSE=1 clean"/>
				</MakeCommands>
			</Target>
			<Target title="Magic/fast">
				<Option output="/mnt/c/Users/bilai/OneDrive/Paris Saclay/ET4/S7/C++/Projet/Magic/Magic" prefix_auto="0" extension_auto="0"/>
				<Option working_dir="/mnt/c/Users/bilai/OneDrive/Paris Saclay/ET4/S7/C++/Projet/Magic"/>
				<Option object_output="./"/>
				<Option type="1"/>
				<Option compiler="gcc"/>
				<Compiler>
					<Add directory="/usr/include/c++/9"/>
					<Add directory="/usr/include/x86_64-linux-gnu/c++/9"/>
					<Add directory="/usr/include/c++/9/backward"/>
					<Add directory="/usr/lib/gcc/x86_64-linux-gnu/9/include"/>
					<Add directory="/usr/local/include"/>
					<Add directory="/usr/include/x86_64-linux-gnu"/>
					<Add directory="/usr/include"/>
				</Compiler>
				<MakeCommands>
					<Build command="/usr/bin/make -j8 -f &quot;/mnt/c/Users/bilai/OneDrive/Paris\ Saclay/ET4/S7/C++/Projet/Magic/Makefile&quot;  VERBOSE=1 Magic/fast"/>
					<CompileFile command="/usr/bin/make -j8 -f &quot;/mnt/c/Users/bilai/OneDrive/Paris\ Saclay/ET4/S7/C++/Projet/Magic/Makefile&quot;  VERBOSE=1 &quot;$file&quot;"/>
					<Clean command="/usr/bin/make -j8 -f &quot;/mnt/c/Users/bilai/OneDrive/Paris\ Saclay/ET4/S7/C++/Projet/Magic/Makefile&quot;  VERBOSE=1 clean"/>
					<DistClean command="/usr/bin/make -j8 -f &quot;/mnt/c/Users/bilai/OneDrive/Paris\ Saclay/ET4/S7/C++/Projet/Magic/Makefile&quot;  VERBOSE=1 clean"/>
				</MakeCommands>
			</Target>
		</Build>
		<Unit filename="/mnt/c/Users/bilai/OneDrive/Paris Saclay/ET4/S7/C++/Projet/Magic/Source/header/Card.h">
			<Option target="Magic"/>
		</Unit>
		<Unit filename="/mnt/c/Users/bilai/OneDrive/Paris Saclay/ET4/S7/C++/Projet/Magic/Source/header/CreatureCard.h">
			<Option target="Magic"/>
		</Unit>
		<Unit filename="/mnt/c/Users/bilai/OneDrive/Paris Saclay/ET4/S7/C++/Projet/Magic/Source/header/Deck.h">
			<Option target="Magic"/>
		</Unit>
		<Unit filename="/mnt/c/Users/bilai/OneDrive/Paris Saclay/ET4/S7/C++/Projet/Magic/Source/header/EnchantmentCard.h">
			<Option target="Magic"/>
		</Unit>
		<Unit filename="/mnt/c/Users/bilai/OneDrive/Paris Saclay/ET4/S7/C++/Projet/Magic/Source/header/Game.h">
			<Option target="Magic"/>
		</Unit>
		<Unit filename="/mnt/c/Users/bilai/OneDrive/Paris Saclay/ET4/S7/C++/Projet/Magic/Source/header/GameCards.h">
			<Option target="Magic"/>
		</Unit>
		<Unit filename="/mnt/c/Users/bilai/OneDrive/Paris Saclay/ET4/S7/C++/Projet/Magic/Source/header/LandCard.h">
			<Option target="Magic"/>
		</Unit>
		<Unit filename="/mnt/c/Users/bilai/OneDrive/Paris Saclay/ET4/S7/C++/Projet/Magic/Source/header/Player.h">
			<Option target="Magic"/>
		</Unit>
		<Unit filename="/mnt/c/Users/bilai/OneDrive/Paris Saclay/ET4/S7/C++/Projet/Magic/Source/header/StrColor.h">
			<Option target="Magic"/>
		</Unit>
		<Unit filename="/mnt/c/Users/bilai/OneDrive/Paris Saclay/ET4/S7/C++/Projet/Magic/Source/src/Card.cpp">
			<Option target="Magic"/>
		</Unit>
		<Unit filename="/mnt/c/Users/bilai/OneDrive/Paris Saclay/ET4/S7/C++/Projet/Magic/Source/src/CreatureCard.cpp">
			<Option target="Magic"/>
		</Unit>
		<Unit filename="/mnt/c/Users/bilai/OneDrive/Paris Saclay/ET4/S7/C++/Projet/Magic/Source/src/Deck.cpp">
			<Option target="Magic"/>
		</Unit>
		<Unit filename="/mnt/c/Users/bilai/OneDrive/Paris Saclay/ET4/S7/C++/Projet/Magic/Source/src/EnchantmentCard.cpp">
			<Option target="Magic"/>
		</Unit>
		<Unit filename="/mnt/c/Users/bilai/OneDrive/Paris Saclay/ET4/S7/C++/Projet/Magic/Source/src/Game.cpp">
			<Option target="Magic"/>
		</Unit>
		<Unit filename="/mnt/c/Users/bilai/OneDrive/Paris Saclay/ET4/S7/C++/Projet/Magic/Source/src/GameCards.cpp">
			<Option target="Magic"/>
		</Unit>
		<Unit filename="/mnt/c/Users/bilai/OneDrive/Paris Saclay/ET4/S7/C++/Projet/Magic/Source/src/LandCard.cpp">
			<Option target="Magic"/>
		</Unit>
		<Unit filename="/mnt/c/Users/bilai/OneDrive/Paris Saclay/ET4/S7/C++/Projet/Magic/Source/src/Main.cpp">
			<Option target="Magic"/>
		</Unit>
		<Unit filename="/mnt/c/Users/bilai/OneDrive/Paris Saclay/ET4/S7/C++/Projet/Magic/Source/src/Player.cpp">
			<Option target="Magic"/>
		</Unit>
		<Unit filename="/mnt/c/Users/bilai/OneDrive/Paris Saclay/ET4/S7/C++/Projet/Magic/Source/src/StrColor.cpp">
			<Option target="Magic"/>
		</Unit>
		<Unit filename="/mnt/c/Users/bilai/OneDrive/Paris Saclay/ET4/S7/C++/Projet/Magic/CMakeLists.txt">
			<Option virtualFolder="CMake Files\"/>
		</Unit>
		<Unit filename="/mnt/c/Users/bilai/OneDrive/Paris Saclay/ET4/S7/C++/Projet/Magic/../../../../../../../../../../../usr/lib/x86_64-linux-gnu/cmake/SFML/SFMLConfig.cmake">
			<Option virtualFolder="CMake Files\..\..\..\..\..\..\..\..\..\..\..\usr\lib\x86_64-linux-gnu\cmake\SFML\"/>
		</Unit>
		<Unit filename="/mnt/c/Users/bilai/OneDrive/Paris Saclay/ET4/S7/C++/Projet/Magic/../../../../../../../../../../../usr/lib/x86_64-linux-gnu/cmake/SFML/SFMLConfigDependencies.cmake">
			<Option virtualFolder="CMake Files\..\..\..\..\..\..\..\..\..\..\..\usr\lib\x86_64-linux-gnu\cmake\SFML\"/>
		</Unit>
		<Unit filename="/mnt/c/Users/bilai/OneDrive/Paris Saclay/ET4/S7/C++/Projet/Magic/../../../../../../../../../../../usr/lib/x86_64-linux-gnu/cmake/SFML/SFMLConfigVersion.cmake">
			<Option virtualFolder="CMake Files\..\..\..\..\..\..\..\..\..\..\..\usr\lib\x86_64-linux-gnu\cmake\SFML\"/>
		</Unit>
		<Unit filename="/mnt/c/Users/bilai/OneDrive/Paris Saclay/ET4/S7/C++/Projet/Magic/../../../../../../../../../../../usr/lib/x86_64-linux-gnu/cmake/SFML/SFMLSharedTargets-none.cmake">
			<Option virtualFolder="CMake Files\..\..\..\..\..\..\..\..\..\..\..\usr\lib\x86_64-linux-gnu\cmake\SFML\"/>
		</Unit>
		<Unit filename="/mnt/c/Users/bilai/OneDrive/Paris Saclay/ET4/S7/C++/Projet/Magic/../../../../../../../../../../../usr/lib/x86_64-linux-gnu/cmake/SFML/SFMLSharedTargets.cmake">
			<Option virtualFolder="CMake Files\..\..\..\..\..\..\..\..\..\..\..\usr\lib\x86_64-linux-gnu\cmake\SFML\"/>
		</Unit>
	</Project>
</CodeBlocks_project_file>
